
Microsoft Visual Studio Solution File, Format Version 12.00
# Visual Studio Version 17
VisualStudioVersion = 17.4.33213.308
MinimumVisualStudioVersion = 10.0.40219.1
Project("{9A19103F-16F7-4668-BE54-9A1E7A4F7556}") = "Catalog.Service", "Catalog.Service\Catalog.Service.csproj", "{1E8FF7D8-966C-4F66-ADC4-E52CEFA3B6F8}"
EndProject
Project("{9A19103F-16F7-4668-BE54-9A1E7A4F7556}") = "Common", "Common\Common.csproj", "{9C42215F-5C62-4396-A7E5-2CA6838A8B61}"
EndProject
Project("{9A19103F-16F7-4668-BE54-9A1E7A4F7556}") = "Inventory.Service", "Inventory.Service\Inventory.Service.csproj", "{1A7A79A8-B2C6-40EA-9069-1F294042B96E}"
EndProject
Project("{FAE04EC0-301F-11D3-BF4B-00C04F79EFBC}") = "Catalog.Contracts", "Catalog.Contracts\Catalog.Contracts.csproj", "{486EB616-3322-4EF8-A7D8-BAB982AE5221}"
EndProject
Global
	GlobalSection(SolutionConfigurationPlatforms) = preSolution
		Debug|Any CPU = Debug|Any CPU
		Release|Any CPU = Release|Any CPU
	EndGlobalSection
	GlobalSection(ProjectConfigurationPlatforms) = postSolution
		{1E8FF7D8-966C-4F66-ADC4-E52CEFA3B6F8}.Debug|Any CPU.ActiveCfg = Debug|Any CPU
		{1E8FF7D8-966C-4F66-ADC4-E52CEFA3B6F8}.Debug|Any CPU.Build.0 = Debug|Any CPU
		{1E8FF7D8-966C-4F66-ADC4-E52CEFA3B6F8}.Release|Any CPU.ActiveCfg = Release|Any CPU
		{1E8FF7D8-966C-4F66-ADC4-E52CEFA3B6F8}.Release|Any CPU.Build.0 = Release|Any CPU
		{9C42215F-5C62-4396-A7E5-2CA6838A8B61}.Debug|Any CPU.ActiveCfg = Debug|Any CPU
		{9C42215F-5C62-4396-A7E5-2CA6838A8B61}.Debug|Any CPU.Build.0 = Debug|Any CPU
		{9C42215F-5C62-4396-A7E5-2CA6838A8B61}.Release|Any CPU.ActiveCfg = Release|Any CPU
		{9C42215F-5C62-4396-A7E5-2CA6838A8B61}.Release|Any CPU.Build.0 = Release|Any CPU
		{1A7A79A8-B2C6-40EA-9069-1F294042B96E}.Debug|Any CPU.ActiveCfg = Debug|Any CPU
		{1A7A79A8-B2C6-40EA-9069-1F294042B96E}.Debug|Any CPU.Build.0 = Debug|Any CPU
		{1A7A79A8-B2C6-40EA-9069-1F294042B96E}.Release|Any CPU.ActiveCfg = Release|Any CPU
		{1A7A79A8-B2C6-40EA-9069-1F294042B96E}.Release|Any CPU.Build.0 = Release|Any CPU
		{486EB616-3322-4EF8-A7D8-BAB982AE5221}.Debug|Any CPU.ActiveCfg = Debug|Any CPU
		{486EB616-3322-4EF8-A7D8-BAB982AE5221}.Debug|Any CPU.Build.0 = Debug|Any CPU
		{486EB616-3322-4EF8-A7D8-BAB982AE5221}.Release|Any CPU.ActiveCfg = Release|Any CPU
		{486EB616-3322-4EF8-A7D8-BAB982AE5221}.Release|Any CPU.Build.0 = Release|Any CPU
	EndGlobalSection
	GlobalSection(SolutionProperties) = preSolution
		HideSolutionNode = FALSE
	EndGlobalSection
	GlobalSection(ExtensibilityGlobals) = postSolution
		SolutionGuid = {B01173B9-6FD6-4CAF-A885-191C85A3CC09}
	EndGlobalSection
EndGlobal
